
Microsoft Visual Studio Solution File, Format Version 12.00
# Visual Studio Version 17
VisualStudioVersion = 17.11.35208.52
MinimumVisualStudioVersion = 10.0.40219.1
Project("{FAE04EC0-301F-11D3-BF4B-00C04F79EFBC}") = "JRPC", "JRPC.csproj", "{9E068F4B-C48C-44FB-9B77-2A73EC585C03}"
EndProject
Global
	GlobalSection(SolutionConfigurationPlatforms) = preSolution
		Debug|Any CPU = Debug|Any CPU
		Release|Any CPU = Release|Any CPU
	EndGlobalSection
	GlobalSection(ProjectConfigurationPlatforms) = postSolution
		{9E068F4B-C48C-44FB-9B77-2A73EC585C03}.Debug|Any CPU.ActiveCfg = Debug|Any CPU
		{9E068F4B-C48C-44FB-9B77-2A73EC585C03}.Debug|Any CPU.Build.0 = Debug|Any CPU
		{9E068F4B-C48C-44FB-9B77-2A73EC585C03}.Release|Any CPU.ActiveCfg = Release|Any CPU
		{9E068F4B-C48C-44FB-9B77-2A73EC585C03}.Release|Any CPU.Build.0 = Release|Any CPU
	EndGlobalSection
	GlobalSection(SolutionProperties) = preSolution
		HideSolutionNode = FALSE
	EndGlobalSection
	GlobalSection(ExtensibilityGlobals) = postSolution
		SolutionGuid = {66D14C70-623E-4246-B782-9BE6B834F698}
	EndGlobalSection
EndGlobal
